
Microsoft Visual Studio Solution File, Format Version 12.00
# Visual Studio Version 16
VisualStudioVersion = 16.0.29509.3
MinimumVisualStudioVersion = 10.0.40219.1
Project("{FAE04EC0-301F-11D3-BF4B-00C04F79EFBC}") = "BloodPressureTracker", "BloodPressureTracker\BloodPressureTracker.csproj", "{DEA8A7B9-13D9-42E4-924E-3392126F142B}"
	ProjectSection(ProjectDependencies) = postProject
		{A9ECBCDD-5C61-48FE-8C1A-A3073BF5B31A} = {A9ECBCDD-5C61-48FE-8C1A-A3073BF5B31A}
	EndProjectSection
EndProject
Project("{FAE04EC0-301F-11D3-BF4B-00C04F79EFBC}") = "Services", "Services\Services.csproj", "{A9ECBCDD-5C61-48FE-8C1A-A3073BF5B31A}"
EndProject
Global
	GlobalSection(SolutionConfigurationPlatforms) = preSolution
		Debug|Any CPU = Debug|Any CPU
		Release|Any CPU = Release|Any CPU
	EndGlobalSection
	GlobalSection(ProjectConfigurationPlatforms) = postSolution
		{DEA8A7B9-13D9-42E4-924E-3392126F142B}.Debug|Any CPU.ActiveCfg = Debug|Any CPU
		{DEA8A7B9-13D9-42E4-924E-3392126F142B}.Debug|Any CPU.Build.0 = Debug|Any CPU
		{DEA8A7B9-13D9-42E4-924E-3392126F142B}.Release|Any CPU.ActiveCfg = Release|Any CPU
		{DEA8A7B9-13D9-42E4-924E-3392126F142B}.Release|Any CPU.Build.0 = Release|Any CPU
		{A9ECBCDD-5C61-48FE-8C1A-A3073BF5B31A}.Debug|Any CPU.ActiveCfg = Debug|Any CPU
		{A9ECBCDD-5C61-48FE-8C1A-A3073BF5B31A}.Debug|Any CPU.Build.0 = Debug|Any CPU
		{A9ECBCDD-5C61-48FE-8C1A-A3073BF5B31A}.Release|Any CPU.ActiveCfg = Release|Any CPU
		{A9ECBCDD-5C61-48FE-8C1A-A3073BF5B31A}.Release|Any CPU.Build.0 = Release|Any CPU
	EndGlobalSection
	GlobalSection(SolutionProperties) = preSolution
		HideSolutionNode = FALSE
	EndGlobalSection
	GlobalSection(ExtensibilityGlobals) = postSolution
		SolutionGuid = {5AD1EA38-4665-41D3-A84D-BD063C131AD3}
	EndGlobalSection
EndGlobal
